
Microsoft Visual Studio Solution File, Format Version 12.00
# Visual Studio Version 17
VisualStudioVersion = 17.13.35818.85 d17.13
MinimumVisualStudioVersion = 10.0.40219.1
Project("{FAE04EC0-301F-11D3-BF4B-00C04F79EFBC}") = "MoodTracker", "MoodTracker\MoodTracker.csproj", "{EE67C64E-A3CB-4130-BAE5-F528E3A91D0B}"
EndProject
Global
	GlobalSection(SolutionConfigurationPlatforms) = preSolution
		Debug|Any CPU = Debug|Any CPU
		Release|Any CPU = Release|Any CPU
	EndGlobalSection
	GlobalSection(ProjectConfigurationPlatforms) = postSolution
		{EE67C64E-A3CB-4130-BAE5-F528E3A91D0B}.Debug|Any CPU.ActiveCfg = Debug|Any CPU
		{EE67C64E-A3CB-4130-BAE5-F528E3A91D0B}.Debug|Any CPU.Build.0 = Debug|Any CPU
		{EE67C64E-A3CB-4130-BAE5-F528E3A91D0B}.Release|Any CPU.ActiveCfg = Release|Any CPU
		{EE67C64E-A3CB-4130-BAE5-F528E3A91D0B}.Release|Any CPU.Build.0 = Release|Any CPU
	EndGlobalSection
	GlobalSection(SolutionProperties) = preSolution
		HideSolutionNode = FALSE
	EndGlobalSection
	GlobalSection(ExtensibilityGlobals) = postSolution
		SolutionGuid = {9761D799-0D23-4C68-B1A0-D4D22AAF61C6}
	EndGlobalSection
EndGlobal
